github.com/redmask-hb/GoSimplePrint v0.0.0-20210302075413-3a3af92bcb7d h1:h/hohIqMUCML2Rp9BXXAu0I3ZR68d7eqMHLPNq7N2tg=
github.com/redmask-hb/GoSimplePrint v0.0.0-20210302075413-3a3af92bcb7d/go.mod h1:LiYo3EFlYfk46Re4zgQysMo6yO3/kAXslB2fyMdl+uw=
github.com/tidwall/gjson v1.10.2/go.mod h1:/wbyibRr2FHMks5tjHJ5F8dMZh3AcwJEMf5vlfC0lxk=
github.com/tidwall/gjson v1.14.1 h1:iymTbGkQBhveq21bEvAQ81I0LEBork8BFe1CUZXdyuo=
github.com/tidwall/gjson v1.14.1/go.mod h1:/wbyibRr2FHMks5tjHJ5F8dMZh3AcwJEMf5vlfC0lxk=
github.com/tidwall/match v1.1.1 h1:+Ho715JplO36QYgwN9PGYNhgZvoUSc9X2c80KVTi+GA=
github.com/tidwall/match v1.1.1/go.mod h1:eRSPERbgtNPcGhD8UCthc6PmLEQXEWd3PRB5JTxsfmM=
github.com/tidwall/pretty v1.2.0 h1:RWIZEg2iJ8/g6fDDYzMpobmaoGh5OLl4AXtGUGPcqCs=
github.com/tidwall/pretty v1.2.0/go.mod h1:ITEVvHYasfjBbM0u2Pg8T2nJnzm8xPwvNhhsoaGGjNU=
github.com/tidwall/tinylru v1.1.0 h1:XY6IUfzVTU9rpwdhKUF6nQdChgCdGjkMfLzbWyiau6I=
github.com/tidwall/tinylru v1.1.0/go.mod h1:3+bX+TJ2baOLMWTnlyNWHh4QMnFyARg2TLTQ6OFbzw8=
github.com/tidwall/wal v1.1.7 h1:emc1TRjIVsdKKSnpwGBAcsAGg0767SvUk8+ygx7Bb+4=
github.com/tidwall/wal v1.1.7/go.mod h1:r6lR1j27W9EPalgHiB7zLJDYu3mzW5BQP5KrzBpYY/E=
